// !$*UTF8*$!
{
	archiveVersion = 1;
	classes = {
	};
	objectVersion = 46;
	objects = {

/* Begin PBXBuildFile section */
		EF866BCE1B661086003CD818 /* ScreenCloudMSF.h in CopyFiles */ = {isa = PBXBuildFile; fileRef = EF866BCD1B661086003CD818 /* ScreenCloudMSF.h */; };
		EF866BD61B661086003CD818 /* libScreenCloudMSF.a in Frameworks */ = {isa = PBXBuildFile; fileRef = EF866BCA1B661086003CD818 /* libScreenCloudMSF.a */; };
/* End PBXBuildFile section */

/* Begin PBXContainerItemProxy section */
		EF866BD71B661086003CD818 /* PBXContainerItemProxy */ = {
			isa = PBXContainerItemProxy;
			containerPortal = EF866BC21B661086003CD818 /* Project object */;
			proxyType = 1;
			remoteGlobalIDString = EF866BC91B661086003CD818;
			remoteInfo = ScreenCloudMSF;
		};
/* End PBXContainerItemProxy section */

/* Begin PBXCopyFilesBuildPhase section */
		EF866BC81B661086003CD818 /* CopyFiles */ = {
			isa = PBXCopyFilesBuildPhase;
			buildActionMask = 2147483647;
			dstPath = "include/$(PRODUCT_NAME)";
			dstSubfolderSpec = 16;
			files = (
				EF866BCE1B661086003CD818 /* ScreenCloudMSF.h in CopyFiles */,
			);
			runOnlyForDeploymentPostprocessing = 0;
		};
/* End PBXCopyFilesBuildPhase section */

/* Begin PBXFileReference section */
		EF866BCA1B661086003CD818 /* libScreenCloudMSF.a */ = {isa = PBXFileReference; explicitFileType = archive.ar; includeInIndex = 0; path = libScreenCloudMSF.a; sourceTree = BUILT_PRODUCTS_DIR; };
		EF866BCD1B661086003CD818 /* ScreenCloudMSF.h */ = {isa = PBXFileReference; lastKnownFileType = sourcecode.c.h; path = ScreenCloudMSF.h; sourceTree = "<group>"; };
		EF866BD51B661086003CD818 /* ScreenCloudMSFTests.xctest */ = {isa = PBXFileReference; explicitFileType = wrapper.cfbundle; includeInIndex = 0; path = ScreenCloudMSFTests.xctest; sourceTree = BUILT_PRODUCTS_DIR; };
		EF866BDB1B661086003CD818 /* Info.plist */ = {isa = PBXFileReference; lastKnownFileType = text.plist.xml; path = Info.plist; sourceTree = "<group>"; };
/* End PBXFileReference section */

/* Begin PBXFrameworksBuildPhase section */
		EF866BC71B661086003CD818 /* Frameworks */ = {
			isa = PBXFrameworksBuildPhase;
			buildActionMask = 2147483647;
			files = (
			);
			runOnlyForDeploymentPostprocessing = 0;
		};
		EF866BD21B661086003CD818 /* Frameworks */ = {
			isa = PBXFrameworksBuildPhase;
			buildActionMask = 2147483647;
			files = (
				EF866BD61B661086003CD818 /* libScreenCloudMSF.a in Frameworks */,
			);
			runOnlyForDeploymentPostprocessing = 0;
		};
/* End PBXFrameworksBuildPhase section */

/* Begin PBXGroup section */
		EF866BC11B661086003CD818 = {
			isa = PBXGroup;
			children = (
				EF866BCC1B661086003CD818 /* ScreenCloudMSF */,
				EF866BD91B661086003CD818 /* ScreenCloudMSFTests */,
				EF866BCB1B661086003CD818 /* Products */,
			);
			sourceTree = "<group>";
		};
		EF866BCB1B661086003CD818 /* Products */ = {
			isa = PBXGroup;
			children = (
				EF866BCA1B661086003CD818 /* libScreenCloudMSF.a */,
				EF866BD51B661086003CD818 /* ScreenCloudMSFTests.xctest */,
			);
			name = Products;
			sourceTree = "<group>";
		};
		EF866BCC1B661086003CD818 /* ScreenCloudMSF */ = {
			isa = PBXGroup;
			children = (
				EF866BCD1B661086003CD818 /* ScreenCloudMSF.h */,
			);
			path = ScreenCloudMSF;
			sourceTree = "<group>";
		};
		EF866BD91B661086003CD818 /* ScreenCloudMSFTests */ = {
			isa = PBXGroup;
			children = (
				EF866BDA1B661086003CD818 /* Supporting Files */,
			);
			path = ScreenCloudMSFTests;
			sourceTree = "<group>";
		};
		EF866BDA1B661086003CD818 /* Supporting Files */ = {
			isa = PBXGroup;
			children = (
				EF866BDB1B661086003CD818 /* Info.plist */,
			);
			name = "Supporting Files";
			sourceTree = "<group>";
		};
/* End PBXGroup section */

/* Begin PBXNativeTarget section */
		EF866BC91B661086003CD818 /* ScreenCloudMSF */ = {
			isa = PBXNativeTarget;
			buildConfigurationList = EF866BDE1B661086003CD818 /* Build configuration list for PBXNativeTarget "ScreenCloudMSF" */;
			buildPhases = (
				EF866BC61B661086003CD818 /* Sources */,
				EF866BC71B661086003CD818 /* Frameworks */,
				EF866BC81B661086003CD818 /* CopyFiles */,
			);
			buildRules = (
			);
			dependencies = (
			);
			name = ScreenCloudMSF;
			productName = ScreenCloudMSF;
			productReference = EF866BCA1B661086003CD818 /* libScreenCloudMSF.a */;
			productType = "com.apple.product-type.library.static";
		};
		EF866BD41B661086003CD818 /* ScreenCloudMSFTests */ = {
			isa = PBXNativeTarget;
			buildConfigurationList = EF866BE11B661086003CD818 /* Build configuration list for PBXNativeTarget "ScreenCloudMSFTests" */;
			buildPhases = (
				EF866BD11B661086003CD818 /* Sources */,
				EF866BD21B661086003CD818 /* Frameworks */,
				EF866BD31B661086003CD818 /* Resources */,
			);
			buildRules = (
			);
			dependencies = (
				EF866BD81B661086003CD818 /* PBXTargetDependency */,
			);
			name = ScreenCloudMSFTests;
			productName = ScreenCloudMSFTests;
			productReference = EF866BD51B661086003CD818 /* ScreenCloudMSFTests.xctest */;
			productType = "com.apple.product-type.bundle.unit-test";
		};
/* End PBXNativeTarget section */

/* Begin PBXProject section */
		EF866BC21B661086003CD818 /* Project object */ = {
			isa = PBXProject;
			attributes = {
				LastUpgradeCheck = 0640;
				ORGANIZATIONNAME = codegent;
				TargetAttributes = {
					EF866BC91B661086003CD818 = {
						CreatedOnToolsVersion = 6.4;
					};
					EF866BD41B661086003CD818 = {
						CreatedOnToolsVersion = 6.4;
					};
				};
			};
			buildConfigurationList = EF866BC51B661086003CD818 /* Build configuration list for PBXProject "ScreenCloudMSF" */;
			compatibilityVersion = "Xcode 3.2";
			developmentRegion = English;
			hasScannedForEncodings = 0;
			knownRegions = (
				en,
			);
			mainGroup = EF866BC11B661086003CD818;
			productRefGroup = EF866BCB1B661086003CD818 /* Products */;
			projectDirPath = "";
			projectRoot = "";
			targets = (
				EF866BC91B661086003CD818 /* ScreenCloudMSF */,
				EF866BD41B661086003CD818 /* ScreenCloudMSFTests */,
			);
		};
/* End PBXProject section */

/* Begin PBXResourcesBuildPhase section */
		EF866BD31B661086003CD818 /* Resources */ = {
			isa = PBXResourcesBuildPhase;
			buildActionMask = 2147483647;
			files = (
			);
			runOnlyForDeploymentPostprocessing = 0;
		};
/* End PBXResourcesBuildPhase section */

/* Begin PBXSourcesBuildPhase section */
		EF866BC61B661086003CD818 /* Sources */ = {
			isa = PBXSourcesBuildPhase;
			buildActionMask = 2147483647;
			files = (
			);
			runOnlyForDeploymentPostprocessing = 0;
		};
		EF866BD11B661086003CD818 /* Sources */ = {
			isa = PBXSourcesBuildPhase;
			buildActionMask = 2147483647;
			files = (
			);
			runOnlyForDeploymentPostprocessing = 0;
		};
/* End PBXSourcesBuildPhase section */

/* Begin PBXTargetDependency section */
		EF866BD81B661086003CD818 /* PBXTargetDependency */ = {
			isa = PBXTargetDependency;
			target = EF866BC91B661086003CD818 /* ScreenCloudMSF */;
			targetProxy = EF866BD71B661086003CD818 /* PBXContainerItemProxy */;
		};
/* End PBXTargetDependency section */

/* Begin XCBuildConfiguration section */
		EF866BDC1B661086003CD818 /* Debug */ = {
			isa = XCBuildConfiguration;
			buildSettings = {
				ALWAYS_SEARCH_USER_PATHS = NO;
				CLANG_CXX_LANGUAGE_STANDARD = "gnu++0x";
				CLANG_CXX_LIBRARY = "libc++";
				CLANG_ENABLE_MODULES = YES;
				CLANG_ENABLE_OBJC_ARC = YES;
				CLANG_WARN_BOOL_CONVERSION = YES;
				CLANG_WARN_CONSTANT_CONVERSION = YES;
				CLANG_WARN_DIRECT_OBJC_ISA_USAGE = YES_ERROR;
				CLANG_WARN_EMPTY_BODY = YES;
				CLANG_WARN_ENUM_CONVERSION = YES;
				CLANG_WARN_INT_CONVERSION = YES;
				CLANG_WARN_OBJC_ROOT_CLASS = YES_ERROR;
				CLANG_WARN_UNREACHABLE_CODE = YES;
				CLANG_WARN__DUPLICATE_METHOD_MATCH = YES;
				COPY_PHASE_STRIP = NO;
				DEBUG_INFORMATION_FORMAT = "dwarf-with-dsym";
				ENABLE_STRICT_OBJC_MSGSEND = YES;
				GCC_C_LANGUAGE_STANDARD = gnu99;
				GCC_DYNAMIC_NO_PIC = NO;
				GCC_NO_COMMON_BLOCKS = YES;
				GCC_OPTIMIZATION_LEVEL = 0;
				GCC_PREPROCESSOR_DEFINITIONS = (
					"DEBUG=1",
					"$(inherited)",
				);
				GCC_SYMBOLS_PRIVATE_EXTERN = NO;
				GCC_WARN_64_TO_32_BIT_CONVERSION = YES;
				GCC_WARN_ABOUT_RETURN_TYPE = YES_ERROR;
				GCC_WARN_UNDECLARED_SELECTOR = YES;
				GCC_WARN_UNINITIALIZED_AUTOS = YES_AGGRESSIVE;
				GCC_WARN_UNUSED_FUNCTION = YES;
				GCC_WARN_UNUSED_VARIABLE = YES;
				IPHONEOS_DEPLOYMENT_TARGET = 8.4;
				MTL_ENABLE_DEBUG_INFO = YES;
				ONLY_ACTIVE_ARCH = YES;
				SDKROOT = iphoneos;
			};
			name = Debug;
		};
		EF866BDD1B661086003CD818 /* Release */ = {
			isa = XCBuildConfiguration;
			buildSettings = {
				ALWAYS_SEARCH_USER_PATHS = NO;
				CLANG_CXX_LANGUAGE_STANDARD = "gnu++0x";
				CLANG_CXX_LIBRARY = "libc++";
				CLANG_ENABLE_MODULES = YES;
				CLANG_ENABLE_OBJC_ARC = YES;
				CLANG_WARN_BOOL_CONVERSION = YES;
				CLANG_WARN_CONSTANT_CONVERSION = YES;
				CLANG_WARN_DIRECT_OBJC_ISA_USAGE = YES_ERROR;
				CLANG_WARN_EMPTY_BODY = YES;
				CLANG_WARN_ENUM_CONVERSION = YES;
				CLANG_WARN_INT_CONVERSION = YES;
				CLANG_WARN_OBJC_ROOT_CLASS = YES_ERROR;
				CLANG_WARN_UNREACHABLE_CODE = YES;
				CLANG_WARN__DUPLICATE_METHOD_MATCH = YES;
				COPY_PHASE_STRIP = NO;
				DEBUG_INFORMATION_FORMAT = "dwarf-with-dsym";
				ENABLE_NS_ASSERTIONS = NO;
				ENABLE_STRICT_OBJC_MSGSEND = YES;
				GCC_C_LANGUAGE_STANDARD = gnu99;
				GCC_NO_COMMON_BLOCKS = YES;
				GCC_WARN_64_TO_32_BIT_CONVERSION = YES;
				GCC_WARN_ABOUT_RETURN_TYPE = YES_ERROR;
				GCC_WARN_UNDECLARED_SELECTOR = YES;
				GCC_WARN_UNINITIALIZED_AUTOS = YES_AGGRESSIVE;
				GCC_WARN_UNUSED_FUNCTION = YES;
				GCC_WARN_UNUSED_VARIABLE = YES;
				IPHONEOS_DEPLOYMENT_TARGET = 8.4;
				MTL_ENABLE_DEBUG_INFO = NO;
				SDKROOT = iphoneos;
				VALIDATE_PRODUCT = YES;
			};
			name = Release;
		};
		EF866BDF1B661086003CD818 /* Debug */ = {
			isa = XCBuildConfiguration;
			buildSettings = {
				OTHER_LDFLAGS = "-ObjC";
				PRODUCT_NAME = "$(TARGET_NAME)";
				SKIP_INSTALL = YES;
			};
			name = Debug;
		};
		EF866BE01B661086003CD818 /* Release */ = {
			isa = XCBuildConfiguration;
			buildSettings = {
				OTHER_LDFLAGS = "-ObjC";
				PRODUCT_NAME = "$(TARGET_NAME)";
				SKIP_INSTALL = YES;
			};
			name = Release;
		};
		EF866BE21B661086003CD818 /* Debug */ = {
			isa = XCBuildConfiguration;
			buildSettings = {
				"CODE_SIGN_IDENTITY[sdk=iphoneos*]" = "iPhone Developer";
				FRAMEWORK_SEARCH_PATHS = (
					"$(SDKROOT)/Developer/Library/Frameworks",
					"$(inherited)",
				);
				GCC_PREPROCESSOR_DEFINITIONS = (
					"DEBUG=1",
					"$(inherited)",
				);
				INFOPLIST_FILE = ScreenCloudMSFTests/Info.plist;
				LD_RUNPATH_SEARCH_PATHS = "$(inherited) @executable_path/Frameworks @loader_path/Frameworks";
				PRODUCT_NAME = "$(TARGET_NAME)";
			};
			name = Debug;
		};
		EF866BE31B661086003CD818 /* Release */ = {
			isa = XCBuildConfiguration;
			buildSettings = {
				"CODE_SIGN_IDENTITY[sdk=iphoneos*]" = "iPhone Developer";
				FRAMEWORK_SEARCH_PATHS = (
					"$(SDKROOT)/Developer/Library/Frameworks",
					"$(inherited)",
				);
				INFOPLIST_FILE = ScreenCloudMSFTests/Info.plist;
				LD_RUNPATH_SEARCH_PATHS = "$(inherited) @executable_path/Frameworks @loader_path/Frameworks";
				PRODUCT_NAME = "$(TARGET_NAME)";
			};
			name = Release;
		};
/* End XCBuildConfiguration section */

/* Begin XCConfigurationList section */
		EF866BC51B661086003CD818 /* Build configuration list for PBXProject "ScreenCloudMSF" */ = {
			isa = XCConfigurationList;
			buildConfigurations = (
				EF866BDC1B661086003CD818 /* Debug */,
				EF866BDD1B661086003CD818 /* Release */,
			);
			defaultConfigurationIsVisible = 0;
			defaultConfigurationName = Release;
		};
		EF866BDE1B661086003CD818 /* Build configuration list for PBXNativeTarget "ScreenCloudMSF" */ = {
			isa = XCConfigurationList;
			buildConfigurations = (
				EF866BDF1B661086003CD818 /* Debug */,
				EF866BE01B661086003CD818 /* Release */,
			);
			defaultConfigurationIsVisible = 0;
		};
		EF866BE11B661086003CD818 /* Build configuration list for PBXNativeTarget "ScreenCloudMSFTests" */ = {
			isa = XCConfigurationList;
			buildConfigurations = (
				EF866BE21B661086003CD818 /* Debug */,
				EF866BE31B661086003CD818 /* Release */,
			);
			defaultConfigurationIsVisible = 0;
		};
/* End XCConfigurationList section */
	};
	rootObject = EF866BC21B661086003CD818 /* Project object */;
}
